<?xml version="1.0" encoding="utf-8"?>
<Project ToolsVersion="4.0" xmlns="http://schemas.microsoft.com/developer/msbuild/2003">
  <ItemGroup>
    <Filter Include="system">
      <UniqueIdentifier>{22dd8095-74f9-46df-81a1-36675a040b1f}</UniqueIdentifier>
    </Filter>
    <Filter Include="Item">
      <UniqueIdentifier>{638a87ff-54a0-40c6-9f16-021c8492aa43}</UniqueIdentifier>
    </Filter>
    <Filter Include="Scene">
      <UniqueIdentifier>{71a3b31a-c76b-4e5f-ac91-eacfb83bf090}</UniqueIdentifier>
    </Filter>
    <Filter Include="Stage">
      <UniqueIdentifier>{79e9267d-f080-4b71-9bc7-594e565f60b7}</UniqueIdentifier>
    </Filter>
    <Filter Include="Object">
      <UniqueIdentifier>{956a75df-b6a3-4ab2-88b8-f0480b4bf858}</UniqueIdentifier>
    </Filter>
    <Filter Include="Actor">
      <UniqueIdentifier>{8b165862-f394-4517-a5e4-426b62574020}</UniqueIdentifier>
    </Filter>
    <Filter Include="Weapon">
      <UniqueIdentifier>{c5b055be-5c0b-4a54-be88-fdbaaa68837f}</UniqueIdentifier>
    </Filter>
    <Filter Include="GameManager">
      <UniqueIdentifier>{804d9ecd-242a-41b9-8fde-fc2d00dd06f7}</UniqueIdentifier>
    </Filter>
  </ItemGroup>
  <ItemGroup>
    <ClCompile Include="stdafx.cpp" />
    <ClCompile Include="main.cpp" />
    <ClCompile Include="system\system.cpp">
      <Filter>system</Filter>
    </ClCompile>
    <ClCompile Include="Barrett.cpp">
      <Filter>Weapon</Filter>
    </ClCompile>
    <ClCompile Include="Enemy.cpp">
      <Filter>Actor</Filter>
    </ClCompile>
    <ClCompile Include="Item.cpp">
      <Filter>Item</Filter>
    </ClCompile>
    <ClCompile Include="Game.cpp">
      <Filter>Scene</Filter>
    </ClCompile>
    <ClCompile Include="GameOver.cpp">
      <Filter>Scene</Filter>
    </ClCompile>
    <ClCompile Include="Stage.cpp">
      <Filter>Stage</Filter>
    </ClCompile>
    <ClCompile Include="Ladder.cpp">
      <Filter>Object</Filter>
    </ClCompile>
    <ClCompile Include="GameClear.cpp">
      <Filter>Scene</Filter>
    </ClCompile>
    <ClCompile Include="Spring.cpp">
      <Filter>Object</Filter>
    </ClCompile>
    <ClCompile Include="Spike.cpp">
      <Filter>Object</Filter>
    </ClCompile>
    <ClCompile Include="Weapon.cpp">
      <Filter>Weapon</Filter>
    </ClCompile>
    <ClCompile Include="Player.cpp">
      <Filter>Actor</Filter>
    </ClCompile>
    <ClCompile Include="Boss.cpp">
      <Filter>Actor</Filter>
    </ClCompile>
    <ClCompile Include="CheckPoint.cpp">
      <Filter>Object</Filter>
    </ClCompile>
    <ClCompile Include="Box.cpp">
      <Filter>Object</Filter>
    </ClCompile>
    <ClCompile Include="Ykan.cpp">
      <Filter>Item</Filter>
    </ClCompile>
    <ClCompile Include="Title.cpp">
      <Filter>Scene</Filter>
    </ClCompile>
    <ClCompile Include="StageSelect.cpp">
      <Filter>Scene</Filter>
    </ClCompile>
    <ClCompile Include="GameCamera.cpp">
      <Filter>Actor</Filter>
    </ClCompile>
    <ClCompile Include="GameManager.cpp">
      <Filter>GameManager</Filter>
    </ClCompile>
    <ClCompile Include="Fade.cpp">
      <Filter>GameManager</Filter>
    </ClCompile>
    <ClCompile Include="Outside.cpp">
      <Filter>Stage</Filter>
    </ClCompile>
    <ClCompile Include="Wall.cpp">
      <Filter>Stage</Filter>
    </ClCompile>
    <ClCompile Include="Floor.cpp">
      <Filter>Object</Filter>
    </ClCompile>
    <ClCompile Include="VanishFloorManager.cpp">
      <Filter>Stage</Filter>
    </ClCompile>
    <ClCompile Include="Object.cpp">
      <Filter>Object</Filter>
    </ClCompile>
    <ClCompile Include="Actor.cpp">
      <Filter>Actor</Filter>
    </ClCompile>
    <ClCompile Include="FloorRender.cpp">
      <Filter>Object</Filter>
    </ClCompile>
    <ClCompile Include="InvicibleWall.cpp">
      <Filter>Object</Filter>
    </ClCompile>
    <ClCompile Include="Menu.cpp">
      <Filter>Scene</Filter>
    </ClCompile>
    <ClCompile Include="Character.cpp">
      <Filter>Actor</Filter>
    </ClCompile>
  </ItemGroup>
  <ItemGroup>
    <ClInclude Include="stdafx.h" />
    <ClInclude Include="system\system.h">
      <Filter>system</Filter>
    </ClInclude>
    <ClInclude Include="Barrett.h">
      <Filter>Weapon</Filter>
    </ClInclude>
    <ClInclude Include="Enemy.h">
      <Filter>Actor</Filter>
    </ClInclude>
    <ClInclude Include="Item.h">
      <Filter>Item</Filter>
    </ClInclude>
    <ClInclude Include="Game.h">
      <Filter>Scene</Filter>
    </ClInclude>
    <ClInclude Include="GameOver.h">
      <Filter>Scene</Filter>
    </ClInclude>
    <ClInclude Include="Stage.h">
      <Filter>Stage</Filter>
    </ClInclude>
    <ClInclude Include="Ladder.h">
      <Filter>Object</Filter>
    </ClInclude>
    <ClInclude Include="GameClear.h">
      <Filter>Scene</Filter>
    </ClInclude>
    <ClInclude Include="Spring.h">
      <Filter>Object</Filter>
    </ClInclude>
    <ClInclude Include="Spike.h">
      <Filter>Object</Filter>
    </ClInclude>
    <ClInclude Include="Weapon.h">
      <Filter>Weapon</Filter>
    </ClInclude>
    <ClInclude Include="Player.h">
      <Filter>Actor</Filter>
    </ClInclude>
    <ClInclude Include="Boss.h">
      <Filter>Actor</Filter>
    </ClInclude>
    <ClInclude Include="CheckPoint.h">
      <Filter>Object</Filter>
    </ClInclude>
    <ClInclude Include="Box.h">
      <Filter>Object</Filter>
    </ClInclude>
    <ClInclude Include="Ykan.h">
      <Filter>Item</Filter>
    </ClInclude>
    <ClInclude Include="Title.h">
      <Filter>Scene</Filter>
    </ClInclude>
    <ClInclude Include="StageSelect.h">
      <Filter>Scene</Filter>
    </ClInclude>
    <ClInclude Include="resource.h" />
    <ClInclude Include="GameCamera.h">
      <Filter>Actor</Filter>
    </ClInclude>
    <ClInclude Include="GameManager.h">
      <Filter>GameManager</Filter>
    </ClInclude>
    <ClInclude Include="Fade.h">
      <Filter>GameManager</Filter>
    </ClInclude>
    <ClInclude Include="Outside.h">
      <Filter>Stage</Filter>
    </ClInclude>
    <ClInclude Include="Wall.h">
      <Filter>Stage</Filter>
    </ClInclude>
    <ClInclude Include="Floor.h">
      <Filter>Object</Filter>
    </ClInclude>
    <ClInclude Include="VanishFloorManager.h">
      <Filter>Stage</Filter>
    </ClInclude>
    <ClInclude Include="Object.h">
      <Filter>Object</Filter>
    </ClInclude>
    <ClInclude Include="Actor.h">
      <Filter>Actor</Filter>
    </ClInclude>
    <ClInclude Include="FloorRender.h">
      <Filter>Object</Filter>
    </ClInclude>
    <ClInclude Include="InvicibleWall.h">
      <Filter>Object</Filter>
    </ClInclude>
    <ClInclude Include="Menu.h">
      <Filter>Scene</Filter>
    </ClInclude>
    <ClInclude Include="Character.h">
      <Filter>Actor</Filter>
    </ClInclude>
  </ItemGroup>
  <ItemGroup>
    <ResourceCompile Include="Game.rc" />
  </ItemGroup>
</Project>